// !$*UTF8*$!
{
	archiveVersion = 1;
	classes = {
	};
	objectVersion = 50;
	objects = {

/* Begin PBXBuildFile section */
		7D54F67123173E6B0073962F /* AppDelegate.swift in Sources */ = {isa = PBXBuildFile; fileRef = 7D54F67023173E6B0073962F /* AppDelegate.swift */; };
		7D54F67323173E6B0073962F /* ViewController.swift in Sources */ = {isa = PBXBuildFile; fileRef = 7D54F67223173E6B0073962F /* ViewController.swift */; };
		7D54F67623173E6B0073962F /* Main.storyboard in Resources */ = {isa = PBXBuildFile; fileRef = 7D54F67423173E6B0073962F /* Main.storyboard */; };
		7D54F67823173E6C0073962F /* Assets.xcassets in Resources */ = {isa = PBXBuildFile; fileRef = 7D54F67723173E6C0073962F /* Assets.xcassets */; };
		7D54F67B23173E6C0073962F /* LaunchScreen.storyboard in Resources */ = {isa = PBXBuildFile; fileRef = 7D54F67923173E6C0073962F /* LaunchScreen.storyboard */; };
		7D54F68623173E6C0073962F /* MapsTests.swift in Sources */ = {isa = PBXBuildFile; fileRef = 7D54F68523173E6C0073962F /* MapsTests.swift */; };
		7D54F69123173E6C0073962F /* MapsUITests.swift in Sources */ = {isa = PBXBuildFile; fileRef = 7D54F69023173E6C0073962F /* MapsUITests.swift */; };
/* End PBXBuildFile section */

/* Begin PBXContainerItemProxy section */
		7D54F68223173E6C0073962F /* PBXContainerItemProxy */ = {
			isa = PBXContainerItemProxy;
			containerPortal = 7D54F66523173E6B0073962F /* Project object */;
			proxyType = 1;
			remoteGlobalIDString = 7D54F66C23173E6B0073962F;
			remoteInfo = Maps;
		};
		7D54F68D23173E6C0073962F /* PBXContainerItemProxy */ = {
			isa = PBXContainerItemProxy;
			containerPortal = 7D54F66523173E6B0073962F /* Project object */;
			proxyType = 1;
			remoteGlobalIDString = 7D54F66C23173E6B0073962F;
			remoteInfo = Maps;
		};
/* End PBXContainerItemProxy section */

/* Begin PBXFileReference section */
		7D54F66D23173E6B0073962F /* Maps.app */ = {isa = PBXFileReference; explicitFileType = wrapper.application; includeInIndex = 0; path = Maps.app; sourceTree = BUILT_PRODUCTS_DIR; };
		7D54F67023173E6B0073962F /* AppDelegate.swift */ = {isa = PBXFileReference; lastKnownFileType = sourcecode.swift; path = AppDelegate.swift; sourceTree = "<group>"; };
		7D54F67223173E6B0073962F /* ViewController.swift */ = {isa = PBXFileReference; lastKnownFileType = sourcecode.swift; path = ViewController.swift; sourceTree = "<group>"; };
		7D54F67523173E6B0073962F /* Base */ = {isa = PBXFileReference; lastKnownFileType = file.storyboard; name = Base; path = Base.lproj/Main.storyboard; sourceTree = "<group>"; };
		7D54F67723173E6C0073962F /* Assets.xcassets */ = {isa = PBXFileReference; lastKnownFileType = folder.assetcatalog; path = Assets.xcassets; sourceTree = "<group>"; };
		7D54F67A23173E6C0073962F /* Base */ = {isa = PBXFileReference; lastKnownFileType = file.storyboard; name = Base; path = Base.lproj/LaunchScreen.storyboard; sourceTree = "<group>"; };
		7D54F67C23173E6C0073962F /* Info.plist */ = {isa = PBXFileReference; lastKnownFileType = text.plist.xml; path = Info.plist; sourceTree = "<group>"; };
		7D54F68123173E6C0073962F /* MapsTests.xctest */ = {isa = PBXFileReference; explicitFileType = wrapper.cfbundle; includeInIndex = 0; path = MapsTests.xctest; sourceTree = BUILT_PRODUCTS_DIR; };
		7D54F68523173E6C0073962F /* MapsTests.swift */ = {isa = PBXFileReference; lastKnownFileType = sourcecode.swift; path = MapsTests.swift; sourceTree = "<group>"; };
		7D54F68723173E6C0073962F /* Info.plist */ = {isa = PBXFileReference; lastKnownFileType = text.plist.xml; path = Info.plist; sourceTree = "<group>"; };
		7D54F68C23173E6C0073962F /* MapsUITests.xctest */ = {isa = PBXFileReference; explicitFileType = wrapper.cfbundle; includeInIndex = 0; path = MapsUITests.xctest; sourceTree = BUILT_PRODUCTS_DIR; };
		7D54F69023173E6C0073962F /* MapsUITests.swift */ = {isa = PBXFileReference; lastKnownFileType = sourcecode.swift; path = MapsUITests.swift; sourceTree = "<group>"; };
		7D54F69223173E6C0073962F /* Info.plist */ = {isa = PBXFileReference; lastKnownFileType = text.plist.xml; path = Info.plist; sourceTree = "<group>"; };
/* End PBXFileReference section */

/* Begin PBXFrameworksBuildPhase section */
		7D54F66A23173E6B0073962F /* Frameworks */ = {
			isa = PBXFrameworksBuildPhase;
			buildActionMask = 2147483647;
			files = (
			);
			runOnlyForDeploymentPostprocessing = 0;
		};
		7D54F67E23173E6C0073962F /* Frameworks */ = {
			isa = PBXFrameworksBuildPhase;
			buildActionMask = 2147483647;
			files = (
			);
			runOnlyForDeploymentPostprocessing = 0;
		};
		7D54F68923173E6C0073962F /* Frameworks */ = {
			isa = PBXFrameworksBuildPhase;
			buildActionMask = 2147483647;
			files = (
			);
			runOnlyForDeploymentPostprocessing = 0;
		};
/* End PBXFrameworksBuildPhase section */

/* Begin PBXGroup section */
		7D54F66423173E6B0073962F = {
			isa = PBXGroup;
			children = (
				7D54F66F23173E6B0073962F /* Maps */,
				7D54F68423173E6C0073962F /* MapsTests */,
				7D54F68F23173E6C0073962F /* MapsUITests */,
				7D54F66E23173E6B0073962F /* Products */,
			);
			sourceTree = "<group>";
		};
		7D54F66E23173E6B0073962F /* Products */ = {
			isa = PBXGroup;
			children = (
				7D54F66D23173E6B0073962F /* Maps.app */,
				7D54F68123173E6C0073962F /* MapsTests.xctest */,
				7D54F68C23173E6C0073962F /* MapsUITests.xctest */,
			);
			name = Products;
			sourceTree = "<group>";
		};
		7D54F66F23173E6B0073962F /* Maps */ = {
			isa = PBXGroup;
			children = (
				7D54F67023173E6B0073962F /* AppDelegate.swift */,
				7D54F67223173E6B0073962F /* ViewController.swift */,
				7D54F67423173E6B0073962F /* Main.storyboard */,
				7D54F67723173E6C0073962F /* Assets.xcassets */,
				7D54F67923173E6C0073962F /* LaunchScreen.storyboard */,
				7D54F67C23173E6C0073962F /* Info.plist */,
			);
			path = Maps;
			sourceTree = "<group>";
		};
		7D54F68423173E6C0073962F /* MapsTests */ = {
			isa = PBXGroup;
			children = (
				7D54F68523173E6C0073962F /* MapsTests.swift */,
				7D54F68723173E6C0073962F /* Info.plist */,
			);
			path = MapsTests;
			sourceTree = "<group>";
		};
		7D54F68F23173E6C0073962F /* MapsUITests */ = {
			isa = PBXGroup;
			children = (
				7D54F69023173E6C0073962F /* MapsUITests.swift */,
				7D54F69223173E6C0073962F /* Info.plist */,
			);
			path = MapsUITests;
			sourceTree = "<group>";
		};
/* End PBXGroup section */

/* Begin PBXNativeTarget section */
		7D54F66C23173E6B0073962F /* Maps */ = {
			isa = PBXNativeTarget;
			buildConfigurationList = 7D54F69523173E6C0073962F /* Build configuration list for PBXNativeTarget "Maps" */;
			buildPhases = (
				7D54F66923173E6B0073962F /* Sources */,
				7D54F66A23173E6B0073962F /* Frameworks */,
				7D54F66B23173E6B0073962F /* Resources */,
			);
			buildRules = (
			);
			dependencies = (
			);
			name = Maps;
			productName = Maps;
			productReference = 7D54F66D23173E6B0073962F /* Maps.app */;
			productType = "com.apple.product-type.application";
		};
		7D54F68023173E6C0073962F /* MapsTests */ = {
			isa = PBXNativeTarget;
			buildConfigurationList = 7D54F69823173E6C0073962F /* Build configuration list for PBXNativeTarget "MapsTests" */;
			buildPhases = (
				7D54F67D23173E6C0073962F /* Sources */,
				7D54F67E23173E6C0073962F /* Frameworks */,
				7D54F67F23173E6C0073962F /* Resources */,
			);
			buildRules = (
			);
			dependencies = (
				7D54F68323173E6C0073962F /* PBXTargetDependency */,
			);
			name = MapsTests;
			productName = MapsTests;
			productReference = 7D54F68123173E6C0073962F /* MapsTests.xctest */;
			productType = "com.apple.product-type.bundle.unit-test";
		};
		7D54F68B23173E6C0073962F /* MapsUITests */ = {
			isa = PBXNativeTarget;
			buildConfigurationList = 7D54F69B23173E6C0073962F /* Build configuration list for PBXNativeTarget "MapsUITests" */;
			buildPhases = (
				7D54F68823173E6C0073962F /* Sources */,
				7D54F68923173E6C0073962F /* Frameworks */,
				7D54F68A23173E6C0073962F /* Resources */,
			);
			buildRules = (
			);
			dependencies = (
				7D54F68E23173E6C0073962F /* PBXTargetDependency */,
			);
			name = MapsUITests;
			productName = MapsUITests;
			productReference = 7D54F68C23173E6C0073962F /* MapsUITests.xctest */;
			productType = "com.apple.product-type.bundle.ui-testing";
		};
/* End PBXNativeTarget section */

/* Begin PBXProject section */
		7D54F66523173E6B0073962F /* Project object */ = {
			isa = PBXProject;
			attributes = {
				LastSwiftUpdateCheck = 1030;
				LastUpgradeCheck = 1030;
				ORGANIZATIONNAME = "Alejandro Hernandez";
				TargetAttributes = {
					7D54F66C23173E6B0073962F = {
						CreatedOnToolsVersion = 10.3;
					};
					7D54F68023173E6C0073962F = {
						CreatedOnToolsVersion = 10.3;
						TestTargetID = 7D54F66C23173E6B0073962F;
					};
					7D54F68B23173E6C0073962F = {
						CreatedOnToolsVersion = 10.3;
						TestTargetID = 7D54F66C23173E6B0073962F;
					};
				};
			};
			buildConfigurationList = 7D54F66823173E6B0073962F /* Build configuration list for PBXProject "Maps" */;
			compatibilityVersion = "Xcode 9.3";
			developmentRegion = en;
			hasScannedForEncodings = 0;
			knownRegions = (
				en,
				Base,
			);
			mainGroup = 7D54F66423173E6B0073962F;
			productRefGroup = 7D54F66E23173E6B0073962F /* Products */;
			projectDirPath = "";
			projectRoot = "";
			targets = (
				7D54F66C23173E6B0073962F /* Maps */,
				7D54F68023173E6C0073962F /* MapsTests */,
				7D54F68B23173E6C0073962F /* MapsUITests */,
			);
		};
/* End PBXProject section */

/* Begin PBXResourcesBuildPhase section */
		7D54F66B23173E6B0073962F /* Resources */ = {
			isa = PBXResourcesBuildPhase;
			buildActionMask = 2147483647;
			files = (
				7D54F67B23173E6C0073962F /* LaunchScreen.storyboard in Resources */,
				7D54F67823173E6C0073962F /* Assets.xcassets in Resources */,
				7D54F67623173E6B0073962F /* Main.storyboard in Resources */,
			);
			runOnlyForDeploymentPostprocessing = 0;
		};
		7D54F67F23173E6C0073962F /* Resources */ = {
			isa = PBXResourcesBuildPhase;
			buildActionMask = 2147483647;
			files = (
			);
			runOnlyForDeploymentPostprocessing = 0;
		};
		7D54F68A23173E6C0073962F /* Resources */ = {
			isa = PBXResourcesBuildPhase;
			buildActionMask = 2147483647;
			files = (
			);
			runOnlyForDeploymentPostprocessing = 0;
		};
/* End PBXResourcesBuildPhase section */

/* Begin PBXSourcesBuildPhase section */
		7D54F66923173E6B0073962F /* Sources */ = {
			isa = PBXSourcesBuildPhase;
			buildActionMask = 2147483647;
			files = (
				7D54F67323173E6B0073962F /* ViewController.swift in Sources */,
				7D54F67123173E6B0073962F /* AppDelegate.swift in Sources */,
			);
			runOnlyForDeploymentPostprocessing = 0;
		};
		7D54F67D23173E6C0073962F /* Sources */ = {
			isa = PBXSourcesBuildPhase;
			buildActionMask = 2147483647;
			files = (
				7D54F68623173E6C0073962F /* MapsTests.swift in Sources */,
			);
			runOnlyForDeploymentPostprocessing = 0;
		};
		7D54F68823173E6C0073962F /* Sources */ = {
			isa = PBXSourcesBuildPhase;
			buildActionMask = 2147483647;
			files = (
				7D54F69123173E6C0073962F /* MapsUITests.swift in Sources */,
			);
			runOnlyForDeploymentPostprocessing = 0;
		};
/* End PBXSourcesBuildPhase section */

/* Begin PBXTargetDependency section */
		7D54F68323173E6C0073962F /* PBXTargetDependency */ = {
			isa = PBXTargetDependency;
			target = 7D54F66C23173E6B0073962F /* Maps */;
			targetProxy = 7D54F68223173E6C0073962F /* PBXContainerItemProxy */;
		};
		7D54F68E23173E6C0073962F /* PBXTargetDependency */ = {
			isa = PBXTargetDependency;
			target = 7D54F66C23173E6B0073962F /* Maps */;
			targetProxy = 7D54F68D23173E6C0073962F /* PBXContainerItemProxy */;
		};
/* End PBXTargetDependency section */

/* Begin PBXVariantGroup section */
		7D54F67423173E6B0073962F /* Main.storyboard */ = {
			isa = PBXVariantGroup;
			children = (
				7D54F67523173E6B0073962F /* Base */,
			);
			name = Main.storyboard;
			sourceTree = "<group>";
		};
		7D54F67923173E6C0073962F /* LaunchScreen.storyboard */ = {
			isa = PBXVariantGroup;
			children = (
				7D54F67A23173E6C0073962F /* Base */,
			);
			name = LaunchScreen.storyboard;
			sourceTree = "<group>";
		};
/* End PBXVariantGroup section */

/* Begin XCBuildConfiguration section */
		7D54F69323173E6C0073962F /* Debug */ = {
			isa = XCBuildConfiguration;
			buildSettings = {
				ALWAYS_SEARCH_USER_PATHS = NO;
				CLANG_ANALYZER_NONNULL = YES;
				CLANG_ANALYZER_NUMBER_OBJECT_CONVERSION = YES_AGGRESSIVE;
				CLANG_CXX_LANGUAGE_STANDARD = "gnu++14";
				CLANG_CXX_LIBRARY = "libc++";
				CLANG_ENABLE_MODULES = YES;
				CLANG_ENABLE_OBJC_ARC = YES;
				CLANG_ENABLE_OBJC_WEAK = YES;
				CLANG_WARN_BLOCK_CAPTURE_AUTORELEASING = YES;
				CLANG_WARN_BOOL_CONVERSION = YES;
				CLANG_WARN_COMMA = YES;
				CLANG_WARN_CONSTANT_CONVERSION = YES;
				CLANG_WARN_DEPRECATED_OBJC_IMPLEMENTATIONS = YES;
				CLANG_WARN_DIRECT_OBJC_ISA_USAGE = YES_ERROR;
				CLANG_WARN_DOCUMENTATION_COMMENTS = YES;
				CLANG_WARN_EMPTY_BODY = YES;
				CLANG_WARN_ENUM_CONVERSION = YES;
				CLANG_WARN_INFINITE_RECURSION = YES;
				CLANG_WARN_INT_CONVERSION = YES;
				CLANG_WARN_NON_LITERAL_NULL_CONVERSION = YES;
				CLANG_WARN_OBJC_IMPLICIT_RETAIN_SELF = YES;
				CLANG_WARN_OBJC_LITERAL_CONVERSION = YES;
				CLANG_WARN_OBJC_ROOT_CLASS = YES_ERROR;
				CLANG_WARN_RANGE_LOOP_ANALYSIS = YES;
				CLANG_WARN_STRICT_PROTOTYPES = YES;
				CLANG_WARN_SUSPICIOUS_MOVE = YES;
				CLANG_WARN_UNGUARDED_AVAILABILITY = YES_AGGRESSIVE;
				CLANG_WARN_UNREACHABLE_CODE = YES;
				CLANG_WARN__DUPLICATE_METHOD_MATCH = YES;
				CODE_SIGN_IDENTITY = "iPhone Developer";
				COPY_PHASE_STRIP = NO;
				DEBUG_INFORMATION_FORMAT = dwarf;
				ENABLE_STRICT_OBJC_MSGSEND = YES;
				ENABLE_TESTABILITY = YES;
				GCC_C_LANGUAGE_STANDARD = gnu11;
				GCC_DYNAMIC_NO_PIC = NO;
				GCC_NO_COMMON_BLOCKS = YES;
				GCC_OPTIMIZATION_LEVEL = 0;
				GCC_PREPROCESSOR_DEFINITIONS = (
					"DEBUG=1",
					"$(inherited)",
				);
				GCC_WARN_64_TO_32_BIT_CONVERSION = YES;
				GCC_WARN_ABOUT_RETURN_TYPE = YES_ERROR;
				GCC_WARN_UNDECLARED_SELECTOR = YES;
				GCC_WARN_UNINITIALIZED_AUTOS = YES_AGGRESSIVE;
				GCC_WARN_UNUSED_FUNCTION = YES;
				GCC_WARN_UNUSED_VARIABLE = YES;
				IPHONEOS_DEPLOYMENT_TARGET = 12.4;
				MTL_ENABLE_DEBUG_INFO = INCLUDE_SOURCE;
				MTL_FAST_MATH = YES;
				ONLY_ACTIVE_ARCH = YES;
				SDKROOT = iphoneos;
				SWIFT_ACTIVE_COMPILATION_CONDITIONS = DEBUG;
				SWIFT_OPTIMIZATION_LEVEL = "-Onone";
			};
			name = Debug;
		};
		7D54F69423173E6C0073962F /* Release */ = {
			isa = XCBuildConfiguration;
			buildSettings = {
				ALWAYS_SEARCH_USER_PATHS = NO;
				CLANG_ANALYZER_NONNULL = YES;
				CLANG_ANALYZER_NUMBER_OBJECT_CONVERSION = YES_AGGRESSIVE;
				CLANG_CXX_LANGUAGE_STANDARD = "gnu++14";
				CLANG_CXX_LIBRARY = "libc++";
				CLANG_ENABLE_MODULES = YES;
				CLANG_ENABLE_OBJC_ARC = YES;
				CLANG_ENABLE_OBJC_WEAK = YES;
				CLANG_WARN_BLOCK_CAPTURE_AUTORELEASING = YES;
				CLANG_WARN_BOOL_CONVERSION = YES;
				CLANG_WARN_COMMA = YES;
				CLANG_WARN_CONSTANT_CONVERSION = YES;
				CLANG_WARN_DEPRECATED_OBJC_IMPLEMENTATIONS = YES;
				CLANG_WARN_DIRECT_OBJC_ISA_USAGE = YES_ERROR;
				CLANG_WARN_DOCUMENTATION_COMMENTS = YES;
				CLANG_WARN_EMPTY_BODY = YES;
				CLANG_WARN_ENUM_CONVERSION = YES;
				CLANG_WARN_INFINITE_RECURSION = YES;
				CLANG_WARN_INT_CONVERSION = YES;
				CLANG_WARN_NON_LITERAL_NULL_CONVERSION = YES;
				CLANG_WARN_OBJC_IMPLICIT_RETAIN_SELF = YES;
				CLANG_WARN_OBJC_LITERAL_CONVERSION = YES;
				CLANG_WARN_OBJC_ROOT_CLASS = YES_ERROR;
				CLANG_WARN_RANGE_LOOP_ANALYSIS = YES;
				CLANG_WARN_STRICT_PROTOTYPES = YES;
				CLANG_WARN_SUSPICIOUS_MOVE = YES;
				CLANG_WARN_UNGUARDED_AVAILABILITY = YES_AGGRESSIVE;
				CLANG_WARN_UNREACHABLE_CODE = YES;
				CLANG_WARN__DUPLICATE_METHOD_MATCH = YES;
				CODE_SIGN_IDENTITY = "iPhone Developer";
				COPY_PHASE_STRIP = NO;
				DEBUG_INFORMATION_FORMAT = "dwarf-with-dsym";
				ENABLE_NS_ASSERTIONS = NO;
				ENABLE_STRICT_OBJC_MSGSEND = YES;
				GCC_C_LANGUAGE_STANDARD = gnu11;
				GCC_NO_COMMON_BLOCKS = YES;
				GCC_WARN_64_TO_32_BIT_CONVERSION = YES;
				GCC_WARN_ABOUT_RETURN_TYPE = YES_ERROR;
				GCC_WARN_UNDECLARED_SELECTOR = YES;
				GCC_WARN_UNINITIALIZED_AUTOS = YES_AGGRESSIVE;
				GCC_WARN_UNUSED_FUNCTION = YES;
				GCC_WARN_UNUSED_VARIABLE = YES;
				IPHONEOS_DEPLOYMENT_TARGET = 12.4;
				MTL_ENABLE_DEBUG_INFO = NO;
				MTL_FAST_MATH = YES;
				SDKROOT = iphoneos;
				SWIFT_COMPILATION_MODE = wholemodule;
				SWIFT_OPTIMIZATION_LEVEL = "-O";
				VALIDATE_PRODUCT = YES;
			};
			name = Release;
		};
		7D54F69623173E6C0073962F /* Debug */ = {
			isa = XCBuildConfiguration;
			buildSettings = {
				ASSETCATALOG_COMPILER_APPICON_NAME = AppIcon;
				CODE_SIGN_STYLE = Automatic;
				INFOPLIST_FILE = Maps/Info.plist;
				LD_RUNPATH_SEARCH_PATHS = (
					"$(inherited)",
					"@executable_path/Frameworks",
				);
				PRODUCT_BUNDLE_IDENTIFIER = Maps.Maps;
				PRODUCT_NAME = "$(TARGET_NAME)";
				SWIFT_VERSION = 5.0;
				TARGETED_DEVICE_FAMILY = "1,2";
			};
			name = Debug;
		};
		7D54F69723173E6C0073962F /* Release */ = {
			isa = XCBuildConfiguration;
			buildSettings = {
				ASSETCATALOG_COMPILER_APPICON_NAME = AppIcon;
				CODE_SIGN_STYLE = Automatic;
				INFOPLIST_FILE = Maps/Info.plist;
				LD_RUNPATH_SEARCH_PATHS = (
					"$(inherited)",
					"@executable_path/Frameworks",
				);
				PRODUCT_BUNDLE_IDENTIFIER = Maps.Maps;
				PRODUCT_NAME = "$(TARGET_NAME)";
				SWIFT_VERSION = 5.0;
				TARGETED_DEVICE_FAMILY = "1,2";
			};
			name = Release;
		};
		7D54F69923173E6C0073962F /* Debug */ = {
			isa = XCBuildConfiguration;
			buildSettings = {
				ALWAYS_EMBED_SWIFT_STANDARD_LIBRARIES = YES;
				BUNDLE_LOADER = "$(TEST_HOST)";
				CODE_SIGN_STYLE = Automatic;
				INFOPLIST_FILE = MapsTests/Info.plist;
				LD_RUNPATH_SEARCH_PATHS = (
					"$(inherited)",
					"@executable_path/Frameworks",
					"@loader_path/Frameworks",
				);
				PRODUCT_BUNDLE_IDENTIFIER = Maps.MapsTests;
				PRODUCT_NAME = "$(TARGET_NAME)";
				SWIFT_VERSION = 5.0;
				TARGETED_DEVICE_FAMILY = "1,2";
				TEST_HOST = "$(BUILT_PRODUCTS_DIR)/Maps.app/Maps";
			};
			name = Debug;
		};
		7D54F69A23173E6C0073962F /* Release */ = {
			isa = XCBuildConfiguration;
			buildSettings = {
				ALWAYS_EMBED_SWIFT_STANDARD_LIBRARIES = YES;
				BUNDLE_LOADER = "$(TEST_HOST)";
				CODE_SIGN_STYLE = Automatic;
				INFOPLIST_FILE = MapsTests/Info.plist;
				LD_RUNPATH_SEARCH_PATHS = (
					"$(inherited)",
					"@executable_path/Frameworks",
					"@loader_path/Frameworks",
				);
				PRODUCT_BUNDLE_IDENTIFIER = Maps.MapsTests;
				PRODUCT_NAME = "$(TARGET_NAME)";
				SWIFT_VERSION = 5.0;
				TARGETED_DEVICE_FAMILY = "1,2";
				TEST_HOST = "$(BUILT_PRODUCTS_DIR)/Maps.app/Maps";
			};
			name = Release;
		};
		7D54F69C23173E6C0073962F /* Debug */ = {
			isa = XCBuildConfiguration;
			buildSettings = {
				ALWAYS_EMBED_SWIFT_STANDARD_LIBRARIES = YES;
				CODE_SIGN_STYLE = Automatic;
				INFOPLIST_FILE = MapsUITests/Info.plist;
				LD_RUNPATH_SEARCH_PATHS = (
					"$(inherited)",
					"@executable_path/Frameworks",
					"@loader_path/Frameworks",
				);
				PRODUCT_BUNDLE_IDENTIFIER = Maps.MapsUITests;
				PRODUCT_NAME = "$(TARGET_NAME)";
				SWIFT_VERSION = 5.0;
				TARGETED_DEVICE_FAMILY = "1,2";
				TEST_TARGET_NAME = Maps;
			};
			name = Debug;
		};
		7D54F69D23173E6C0073962F /* Release */ = {
			isa = XCBuildConfiguration;
			buildSettings = {
				ALWAYS_EMBED_SWIFT_STANDARD_LIBRARIES = YES;
				CODE_SIGN_STYLE = Automatic;
				INFOPLIST_FILE = MapsUITests/Info.plist;
				LD_RUNPATH_SEARCH_PATHS = (
					"$(inherited)",
					"@executable_path/Frameworks",
					"@loader_path/Frameworks",
				);
				PRODUCT_BUNDLE_IDENTIFIER = Maps.MapsUITests;
				PRODUCT_NAME = "$(TARGET_NAME)";
				SWIFT_VERSION = 5.0;
				TARGETED_DEVICE_FAMILY = "1,2";
				TEST_TARGET_NAME = Maps;
			};
			name = Release;
		};
/* End XCBuildConfiguration section */

/* Begin XCConfigurationList section */
		7D54F66823173E6B0073962F /* Build configuration list for PBXProject "Maps" */ = {
			isa = XCConfigurationList;
			buildConfigurations = (
				7D54F69323173E6C0073962F /* Debug */,
				7D54F69423173E6C0073962F /* Release */,
			);
			defaultConfigurationIsVisible = 0;
			defaultConfigurationName = Release;
		};
		7D54F69523173E6C0073962F /* Build configuration list for PBXNativeTarget "Maps" */ = {
			isa = XCConfigurationList;
			buildConfigurations = (
				7D54F69623173E6C0073962F /* Debug */,
				7D54F69723173E6C0073962F /* Release */,
			);
			defaultConfigurationIsVisible = 0;
			defaultConfigurationName = Release;
		};
		7D54F69823173E6C0073962F /* Build configuration list for PBXNativeTarget "MapsTests" */ = {
			isa = XCConfigurationList;
			buildConfigurations = (
				7D54F69923173E6C0073962F /* Debug */,
				7D54F69A23173E6C0073962F /* Release */,
			);
			defaultConfigurationIsVisible = 0;
			defaultConfigurationName = Release;
		};
		7D54F69B23173E6C0073962F /* Build configuration list for PBXNativeTarget "MapsUITests" */ = {
			isa = XCConfigurationList;
			buildConfigurations = (
				7D54F69C23173E6C0073962F /* Debug */,
				7D54F69D23173E6C0073962F /* Release */,
			);
			defaultConfigurationIsVisible = 0;
			defaultConfigurationName = Release;
		};
/* End XCConfigurationList section */
	};
	rootObject = 7D54F66523173E6B0073962F /* Project object */;
}
